
Microsoft Visual Studio Solution File, Format Version 12.00
# Visual Studio 2013
VisualStudioVersion = 12.0.31101.0
MinimumVisualStudioVersion = 10.0.40219.1
Project("{FAE04EC0-301F-11D3-BF4B-00C04F79EFBC}") = "SimpleClassLibrary", "SimpleClassLibrary\SimpleClassLibrary.csproj", "{FAAD1F7E-8FFE-4E6D-B73F-207FFD816F34}"
EndProject
Project("{FAE04EC0-301F-11D3-BF4B-00C04F79EFBC}") = "ClassLibraryWithDependencies", "ClassLibraryWithDependencies\ClassLibraryWithDependencies.csproj", "{B21048CF-416B-4C98-AD12-96ECB798A58C}"
EndProject
Global
	GlobalSection(TeamFoundationVersionControl) = preSolution
		SccNumberOfProjects = 3
		SccEnterpriseProvider = {4CA58AB2-18FA-4F8D-95D4-32DDF27D184C}
		SccTeamFoundationServer = http://minint-0n4cjeo:8080/tfs/defaultcollection
		SccLocalPath0 = .
		SccProjectUniqueName1 = ClassLibraryWithDependencies\\ClassLibraryWithDependencies.csproj
		SccProjectName1 = ClassLibraryWithDependencies
		SccLocalPath1 = ClassLibraryWithDependencies
		SccProjectUniqueName2 = SimpleClassLibrary\\SimpleClassLibrary.csproj
		SccProjectName2 = SimpleClassLibrary
		SccLocalPath2 = SimpleClassLibrary
	EndGlobalSection
	GlobalSection(SolutionConfigurationPlatforms) = preSolution
		Debug|Any CPU = Debug|Any CPU
		Release|Any CPU = Release|Any CPU
	EndGlobalSection
	GlobalSection(ProjectConfigurationPlatforms) = postSolution
		{FAAD1F7E-8FFE-4E6D-B73F-207FFD816F34}.Debug|Any CPU.ActiveCfg = Debug|Any CPU
		{FAAD1F7E-8FFE-4E6D-B73F-207FFD816F34}.Debug|Any CPU.Build.0 = Debug|Any CPU
		{FAAD1F7E-8FFE-4E6D-B73F-207FFD816F34}.Release|Any CPU.ActiveCfg = Release|Any CPU
		{FAAD1F7E-8FFE-4E6D-B73F-207FFD816F34}.Release|Any CPU.Build.0 = Release|Any CPU
		{B21048CF-416B-4C98-AD12-96ECB798A58C}.Debug|Any CPU.ActiveCfg = Debug|Any CPU
		{B21048CF-416B-4C98-AD12-96ECB798A58C}.Debug|Any CPU.Build.0 = Debug|Any CPU
		{B21048CF-416B-4C98-AD12-96ECB798A58C}.Release|Any CPU.ActiveCfg = Release|Any CPU
		{B21048CF-416B-4C98-AD12-96ECB798A58C}.Release|Any CPU.Build.0 = Release|Any CPU
	EndGlobalSection
	GlobalSection(SolutionProperties) = preSolution
		HideSolutionNode = FALSE
	EndGlobalSection
EndGlobal
